{
  "nodes": {
    "argononed": {
      "flake": false,
      "locked": {
        "lastModified": 1729566243,
        "narHash": "sha256-DPNI0Dpk5aym3Baf5UbEe5GENDrSmmXVdriRSWE+rgk=",
        "owner": "nvmd",
        "repo": "argononed",
        "rev": "16dbee54d49b66d5654d228d1061246b440ef7cf",
        "type": "github"
      },
      "original": {
        "owner": "nvmd",
        "repo": "argononed",
        "type": "github"
      }
    },
    "nixpkgs": {
      "locked": {
        "lastModified": 1744584648,
        "narHash": "sha256-IKTuv5SK6cWZr5WWcIIIkgwcw71/PZtQeklr7aXUSx8=",
        "owner": "nvmd",
        "repo": "nixpkgs",
        "rev": "ce81db198e3081e2d72fe133c3f01a1484f45288",
        "type": "github"
      },
      "original": {
        "owner": "nvmd",
        "ref": "modules-with-keys",
        "repo": "nixpkgs",
        "type": "github"
      }
    },
    "root": {
      "inputs": {
        "argononed": "argononed",
        "nixpkgs": "nixpkgs"
      }
    }
  },
  "root": "root",
  "version": 7
}
